
Microsoft Visual Studio Solution File, Format Version 12.00
# Visual Studio Version 17
VisualStudioVersion = 17.8.34330.188
MinimumVisualStudioVersion = 10.0.40219.1
Project("{FAE04EC0-301F-11D3-BF4B-00C04F79EFBC}") = "AutoServiceSystem.Android", "AutoServiceSystem\AutoServiceSystem.Android\AutoServiceSystem.Android.csproj", "{47627B9E-9918-4205-BA24-A39C3C1764ED}"
EndProject
Project("{FAE04EC0-301F-11D3-BF4B-00C04F79EFBC}") = "AutoServiceSystem", "AutoServiceSystem\AutoServiceSystem\AutoServiceSystem.csproj", "{3C56E401-79ED-48BE-8D43-472FA8A97E62}"
EndProject
Global
	GlobalSection(SolutionConfigurationPlatforms) = preSolution
		Debug|Any CPU = Debug|Any CPU
		Release|Any CPU = Release|Any CPU
	EndGlobalSection
	GlobalSection(ProjectConfigurationPlatforms) = postSolution
		{47627B9E-9918-4205-BA24-A39C3C1764ED}.Debug|Any CPU.ActiveCfg = Debug|Any CPU
		{47627B9E-9918-4205-BA24-A39C3C1764ED}.Debug|Any CPU.Build.0 = Debug|Any CPU
		{47627B9E-9918-4205-BA24-A39C3C1764ED}.Debug|Any CPU.Deploy.0 = Debug|Any CPU
		{47627B9E-9918-4205-BA24-A39C3C1764ED}.Release|Any CPU.ActiveCfg = Release|Any CPU
		{47627B9E-9918-4205-BA24-A39C3C1764ED}.Release|Any CPU.Build.0 = Release|Any CPU
		{47627B9E-9918-4205-BA24-A39C3C1764ED}.Release|Any CPU.Deploy.0 = Release|Any CPU
		{3C56E401-79ED-48BE-8D43-472FA8A97E62}.Debug|Any CPU.ActiveCfg = Debug|Any CPU
		{3C56E401-79ED-48BE-8D43-472FA8A97E62}.Debug|Any CPU.Build.0 = Debug|Any CPU
		{3C56E401-79ED-48BE-8D43-472FA8A97E62}.Debug|Any CPU.Deploy.0 = Debug|Any CPU
		{3C56E401-79ED-48BE-8D43-472FA8A97E62}.Release|Any CPU.ActiveCfg = Release|Any CPU
		{3C56E401-79ED-48BE-8D43-472FA8A97E62}.Release|Any CPU.Build.0 = Release|Any CPU
		{3C56E401-79ED-48BE-8D43-472FA8A97E62}.Release|Any CPU.Deploy.0 = Release|Any CPU
	EndGlobalSection
	GlobalSection(SolutionProperties) = preSolution
		HideSolutionNode = FALSE
	EndGlobalSection
	GlobalSection(ExtensibilityGlobals) = postSolution
		SolutionGuid = {EBFFB6BF-3512-44CB-9130-028BB6EA8D01}
	EndGlobalSection
EndGlobal
